
Microsoft Visual Studio Solution File, Format Version 12.00
# Visual Studio Version 17
VisualStudioVersion = 17.0.31903.59
MinimumVisualStudioVersion = 10.0.40219.1
Project("{FAE04EC0-301F-11D3-BF4B-00C04F79EFBC}") = "FacultyStudentPortal.Core", "FacultyStudentPortal.Core\FacultyStudentPortal.Core.csproj", "{E7E81FF9-1EA9-4FC2-A453-6A2089CC3050}"
EndProject
Project("{FAE04EC0-301F-11D3-BF4B-00C04F79EFBC}") = "FacultyStudentPortal.Infrastructure", "FacultyStudentPortal.Infrastructure\FacultyStudentPortal.Infrastructure.csproj", "{79909CDA-B5B4-459A-942A-55343B7F6D09}"
EndProject
Global
	GlobalSection(SolutionConfigurationPlatforms) = preSolution
		Debug|Any CPU = Debug|Any CPU
		Debug|x64 = Debug|x64
		Debug|x86 = Debug|x86
		Release|Any CPU = Release|Any CPU
		Release|x64 = Release|x64
		Release|x86 = Release|x86
	EndGlobalSection
	GlobalSection(ProjectConfigurationPlatforms) = postSolution
		{E7E81FF9-1EA9-4FC2-A453-6A2089CC3050}.Debug|Any CPU.ActiveCfg = Debug|Any CPU
		{E7E81FF9-1EA9-4FC2-A453-6A2089CC3050}.Debug|Any CPU.Build.0 = Debug|Any CPU
		{E7E81FF9-1EA9-4FC2-A453-6A2089CC3050}.Debug|x64.ActiveCfg = Debug|Any CPU
		{E7E81FF9-1EA9-4FC2-A453-6A2089CC3050}.Debug|x64.Build.0 = Debug|Any CPU
		{E7E81FF9-1EA9-4FC2-A453-6A2089CC3050}.Debug|x86.ActiveCfg = Debug|Any CPU
		{E7E81FF9-1EA9-4FC2-A453-6A2089CC3050}.Debug|x86.Build.0 = Debug|Any CPU
		{E7E81FF9-1EA9-4FC2-A453-6A2089CC3050}.Release|Any CPU.ActiveCfg = Release|Any CPU
		{E7E81FF9-1EA9-4FC2-A453-6A2089CC3050}.Release|Any CPU.Build.0 = Release|Any CPU
		{E7E81FF9-1EA9-4FC2-A453-6A2089CC3050}.Release|x64.ActiveCfg = Release|Any CPU
		{E7E81FF9-1EA9-4FC2-A453-6A2089CC3050}.Release|x64.Build.0 = Release|Any CPU
		{E7E81FF9-1EA9-4FC2-A453-6A2089CC3050}.Release|x86.ActiveCfg = Release|Any CPU
		{E7E81FF9-1EA9-4FC2-A453-6A2089CC3050}.Release|x86.Build.0 = Release|Any CPU
		{79909CDA-B5B4-459A-942A-55343B7F6D09}.Debug|Any CPU.ActiveCfg = Debug|Any CPU
		{79909CDA-B5B4-459A-942A-55343B7F6D09}.Debug|Any CPU.Build.0 = Debug|Any CPU
		{79909CDA-B5B4-459A-942A-55343B7F6D09}.Debug|x64.ActiveCfg = Debug|Any CPU
		{79909CDA-B5B4-459A-942A-55343B7F6D09}.Debug|x64.Build.0 = Debug|Any CPU
		{79909CDA-B5B4-459A-942A-55343B7F6D09}.Debug|x86.ActiveCfg = Debug|Any CPU
		{79909CDA-B5B4-459A-942A-55343B7F6D09}.Debug|x86.Build.0 = Debug|Any CPU
		{79909CDA-B5B4-459A-942A-55343B7F6D09}.Release|Any CPU.ActiveCfg = Release|Any CPU
		{79909CDA-B5B4-459A-942A-55343B7F6D09}.Release|Any CPU.Build.0 = Release|Any CPU
		{79909CDA-B5B4-459A-942A-55343B7F6D09}.Release|x64.ActiveCfg = Release|Any CPU
		{79909CDA-B5B4-459A-942A-55343B7F6D09}.Release|x64.Build.0 = Release|Any CPU
		{79909CDA-B5B4-459A-942A-55343B7F6D09}.Release|x86.ActiveCfg = Release|Any CPU
		{79909CDA-B5B4-459A-942A-55343B7F6D09}.Release|x86.Build.0 = Release|Any CPU
	EndGlobalSection
	GlobalSection(SolutionProperties) = preSolution
		HideSolutionNode = FALSE
	EndGlobalSection
EndGlobal
